
Microsoft Visual Studio Solution File, Format Version 12.00
# Visual Studio Version 16
VisualStudioVersion = 16.0.30204.135
MinimumVisualStudioVersion = 10.0.40219.1
Project("{FAE04EC0-301F-11D3-BF4B-00C04F79EFBC}") = "AES", "AES\AES.csproj", "{C5FEFA9D-EC7B-43CD-99DC-9F9BC2523F09}"
EndProject
Global
	GlobalSection(SolutionConfigurationPlatforms) = preSolution
		Debug|Any CPU = Debug|Any CPU
		Release|Any CPU = Release|Any CPU
	EndGlobalSection
	GlobalSection(ProjectConfigurationPlatforms) = postSolution
		{C5FEFA9D-EC7B-43CD-99DC-9F9BC2523F09}.Debug|Any CPU.ActiveCfg = Debug|Any CPU
		{C5FEFA9D-EC7B-43CD-99DC-9F9BC2523F09}.Debug|Any CPU.Build.0 = Debug|Any CPU
		{C5FEFA9D-EC7B-43CD-99DC-9F9BC2523F09}.Release|Any CPU.ActiveCfg = Release|Any CPU
		{C5FEFA9D-EC7B-43CD-99DC-9F9BC2523F09}.Release|Any CPU.Build.0 = Release|Any CPU
	EndGlobalSection
	GlobalSection(SolutionProperties) = preSolution
		HideSolutionNode = FALSE
	EndGlobalSection
	GlobalSection(ExtensibilityGlobals) = postSolution
		SolutionGuid = {7D24E6CF-A933-409E-978D-61F1FD060A05}
	EndGlobalSection
EndGlobal
